
Microsoft Visual Studio Solution File, Format Version 12.00
# Visual Studio Version 17
VisualStudioVersion = 17.1.32228.430
MinimumVisualStudioVersion = 10.0.40219.1
Project("{FAE04EC0-301F-11D3-BF4B-00C04F79EFBC}") = "MyGym", "MyGym\MyGym.csproj", "{6843ECD3-8E76-4CF3-8CC5-FE0D610028E3}"
EndProject
Global
	GlobalSection(SolutionConfigurationPlatforms) = preSolution
		Debug|Any CPU = Debug|Any CPU
		Release|Any CPU = Release|Any CPU
	EndGlobalSection
	GlobalSection(ProjectConfigurationPlatforms) = postSolution
		{6843ECD3-8E76-4CF3-8CC5-FE0D610028E3}.Debug|Any CPU.ActiveCfg = Debug|Any CPU
		{6843ECD3-8E76-4CF3-8CC5-FE0D610028E3}.Debug|Any CPU.Build.0 = Debug|Any CPU
		{6843ECD3-8E76-4CF3-8CC5-FE0D610028E3}.Release|Any CPU.ActiveCfg = Release|Any CPU
		{6843ECD3-8E76-4CF3-8CC5-FE0D610028E3}.Release|Any CPU.Build.0 = Release|Any CPU
	EndGlobalSection
	GlobalSection(SolutionProperties) = preSolution
		HideSolutionNode = FALSE
	EndGlobalSection
	GlobalSection(ExtensibilityGlobals) = postSolution
		SolutionGuid = {79B56CAE-D83A-4B91-A814-9AAA7D673C47}
	EndGlobalSection
EndGlobal
